
Microsoft Visual Studio Solution File, Format Version 12.00
# Visual Studio 15
VisualStudioVersion = 15.0.27130.2024
MinimumVisualStudioVersion = 10.0.40219.1
Project("{F184B08F-C81C-45F6-A57F-5ABD9991F28F}") = "GRLCulator", "GRLCulator\GRLCulator.vbproj", "{8CE7C895-C4EC-4DA1-B622-AA912819AAB9}"
EndProject
Global
	GlobalSection(SolutionConfigurationPlatforms) = preSolution
		Debug|Any CPU = Debug|Any CPU
		Release|Any CPU = Release|Any CPU
	EndGlobalSection
	GlobalSection(ProjectConfigurationPlatforms) = postSolution
		{8CE7C895-C4EC-4DA1-B622-AA912819AAB9}.Debug|Any CPU.ActiveCfg = Debug|Any CPU
		{8CE7C895-C4EC-4DA1-B622-AA912819AAB9}.Debug|Any CPU.Build.0 = Debug|Any CPU
		{8CE7C895-C4EC-4DA1-B622-AA912819AAB9}.Release|Any CPU.ActiveCfg = Release|Any CPU
		{8CE7C895-C4EC-4DA1-B622-AA912819AAB9}.Release|Any CPU.Build.0 = Release|Any CPU
	EndGlobalSection
	GlobalSection(SolutionProperties) = preSolution
		HideSolutionNode = FALSE
	EndGlobalSection
	GlobalSection(ExtensibilityGlobals) = postSolution
		SolutionGuid = {C8C953B0-129D-4AFE-BD53-780B86B21991}
	EndGlobalSection
EndGlobal
